// !$*UTF8*$!
{
	archiveVersion = 1;
	classes = {
	};
	objectVersion = 77;
	objects = {

/* Begin PBXContainerItemProxy section */
		B18544072FC1EBC800579243 /* PBXContainerItemProxy */ = {
			isa = PBXContainerItemProxy;
			containerPortal = B18543EE2FC1EBC600579243 /* Project object */;
			proxyType = 1;
			remoteGlobalIDString = B18543F52FC1EBC600579243;
			remoteInfo = ExpenseTracker;
		};
		B18544112FC1EBC800579243 /* PBXContainerItemProxy */ = {
			isa = PBXContainerItemProxy;
			containerPortal = B18543EE2FC1EBC600579243 /* Project object */;
			proxyType = 1;
			remoteGlobalIDString = B18543F52FC1EBC600579243;
			remoteInfo = ExpenseTracker;
		};
/* End PBXContainerItemProxy section */

/* Begin PBXFileReference section */
		B18543F62FC1EBC600579243 /* ExpenseTracker.app */ = {isa = PBXFileReference; explicitFileType = wrapper.application; includeInIndex = 0; path = ExpenseTracker.app; sourceTree = BUILT_PRODUCTS_DIR; };
		B18544062FC1EBC800579243 /* ExpenseTrackerTests.xctest */ = {isa = PBXFileReference; explicitFileType = wrapper.cfbundle; includeInIndex = 0; path = ExpenseTrackerTests.xctest; sourceTree = BUILT_PRODUCTS_DIR; };
		B18544102FC1EBC800579243 /* ExpenseTrackerUITests.xctest */ = {isa = PBXFileReference; explicitFileType = wrapper.cfbundle; includeInIndex = 0; path = ExpenseTrackerUITests.xctest; sourceTree = BUILT_PRODUCTS_DIR; };
/* End PBXFileReference section */

/* Begin PBXFileSystemSynchronizedRootGroup section */
		B18543F82FC1EBC600579243 /* ExpenseTracker */ = {
			isa = PBXFileSystemSynchronizedRootGroup;
			path = ExpenseTracker;
			sourceTree = "<group>";
		};
		B18544092FC1EBC800579243 /* ExpenseTrackerTests */ = {
			isa = PBXFileSystemSynchronizedRootGroup;
			path = ExpenseTrackerTests;
			sourceTree = "<group>";
		};
		B18544132FC1EBC800579243 /* ExpenseTrackerUITests */ = {
			isa = PBXFileSystemSynchronizedRootGroup;
			path = ExpenseTrackerUITests;
			sourceTree = "<group>";
		};
/* End PBXFileSystemSynchronizedRootGroup section */

/* Begin PBXFrameworksBuildPhase section */
		B18543F32FC1EBC600579243 /* Frameworks */ = {
			isa = PBXFrameworksBuildPhase;
			buildActionMask = 2147483647;
			files = (
			);
			runOnlyForDeploymentPostprocessing = 0;
		};
		B18544032FC1EBC800579243 /* Frameworks */ = {
			isa = PBXFrameworksBuildPhase;
			buildActionMask = 2147483647;
			files = (
			);
			runOnlyForDeploymentPostprocessing = 0;
		};
		B185440D2FC1EBC800579243 /* Frameworks */ = {
			isa = PBXFrameworksBuildPhase;
			buildActionMask = 2147483647;
			files = (
			);
			runOnlyForDeploymentPostprocessing = 0;
		};
/* End PBXFrameworksBuildPhase section */

/* Begin PBXGroup section */
		B18543ED2FC1EBC600579243 = {
			isa = PBXGroup;
			children = (
				B18543F82FC1EBC600579243 /* ExpenseTracker */,
				B18544092FC1EBC800579243 /* ExpenseTrackerTests */,
				B18544132FC1EBC800579243 /* ExpenseTrackerUITests */,
				B18543F72FC1EBC600579243 /* Products */,
			);
			sourceTree = "<group>";
		};
		B18543F72FC1EBC600579243 /* Products */ = {
			isa = PBXGroup;
			children = (
				B18543F62FC1EBC600579243 /* ExpenseTracker.app */,
				B18544062FC1EBC800579243 /* ExpenseTrackerTests.xctest */,
				B18544102FC1EBC800579243 /* ExpenseTrackerUITests.xctest */,
			);
			name = Products;
			sourceTree = "<group>";
		};
/* End PBXGroup section */

/* Begin PBXNativeTarget section */
		B18543F52FC1EBC600579243 /* ExpenseTracker */ = {
			isa = PBXNativeTarget;
			buildConfigurationList = B185441A2FC1EBC800579243 /* Build configuration list for PBXNativeTarget "ExpenseTracker" */;
			buildPhases = (
				B18543F22FC1EBC600579243 /* Sources */,
				B18543F32FC1EBC600579243 /* Frameworks */,
				B18543F42FC1EBC600579243 /* Resources */,
			);
			buildRules = (
			);
			dependencies = (
			);
			fileSystemSynchronizedGroups = (
				B18543F82FC1EBC600579243 /* ExpenseTracker */,
			);
			name = ExpenseTracker;
			packageProductDependencies = (
			);
			productName = ExpenseTracker;
			productReference = B18543F62FC1EBC600579243 /* ExpenseTracker.app */;
			productType = "com.apple.product-type.application";
		};
		B18544052FC1EBC800579243 /* ExpenseTrackerTests */ = {
			isa = PBXNativeTarget;
			buildConfigurationList = B185441D2FC1EBC800579243 /* Build configuration list for PBXNativeTarget "ExpenseTrackerTests" */;
			buildPhases = (
				B18544022FC1EBC800579243 /* Sources */,
				B18544032FC1EBC800579243 /* Frameworks */,
				B18544042FC1EBC800579243 /* Resources */,
			);
			buildRules = (
			);
			dependencies = (
				B18544082FC1EBC800579243 /* PBXTargetDependency */,
			);
			fileSystemSynchronizedGroups = (
				B18544092FC1EBC800579243 /* ExpenseTrackerTests */,
			);
			name = ExpenseTrackerTests;
			packageProductDependencies = (
			);
			productName = ExpenseTrackerTests;
			productReference = B18544062FC1EBC800579243 /* ExpenseTrackerTests.xctest */;
			productType = "com.apple.product-type.bundle.unit-test";
		};
		B185440F2FC1EBC800579243 /* ExpenseTrackerUITests */ = {
			isa = PBXNativeTarget;
			buildConfigurationList = B18544202FC1EBC800579243 /* Build configuration list for PBXNativeTarget "ExpenseTrackerUITests" */;
			buildPhases = (
				B185440C2FC1EBC800579243 /* Sources */,
				B185440D2FC1EBC800579243 /* Frameworks */,
				B185440E2FC1EBC800579243 /* Resources */,
			);
			buildRules = (
			);
			dependencies = (
				B18544122FC1EBC800579243 /* PBXTargetDependency */,
			);
			fileSystemSynchronizedGroups = (
				B18544132FC1EBC800579243 /* ExpenseTrackerUITests */,
			);
			name = ExpenseTrackerUITests;
			packageProductDependencies = (
			);
			productName = ExpenseTrackerUITests;
			productReference = B18544102FC1EBC800579243 /* ExpenseTrackerUITests.xctest */;
			productType = "com.apple.product-type.bundle.ui-testing";
		};
/* End PBXNativeTarget section */

/* Begin PBXProject section */
		B18543EE2FC1EBC600579243 /* Project object */ = {
			isa = PBXProject;
			attributes = {
				BuildIndependentTargetsInParallel = 1;
				LastSwiftUpdateCheck = 1620;
				LastUpgradeCheck = 1620;
				TargetAttributes = {
					B18543F52FC1EBC600579243 = {
						CreatedOnToolsVersion = 16.2;
					};
					B18544052FC1EBC800579243 = {
						CreatedOnToolsVersion = 16.2;
						TestTargetID = B18543F52FC1EBC600579243;
					};
					B185440F2FC1EBC800579243 = {
						CreatedOnToolsVersion = 16.2;
						TestTargetID = B18543F52FC1EBC600579243;
					};
				};
			};
			buildConfigurationList = B18543F12FC1EBC600579243 /* Build configuration list for PBXProject "ExpenseTracker" */;
			developmentRegion = en;
			hasScannedForEncodings = 0;
			knownRegions = (
				en,
				Base,
			);
			mainGroup = B18543ED2FC1EBC600579243;
			minimizedProjectReferenceProxies = 1;
			preferredProjectObjectVersion = 77;
			productRefGroup = B18543F72FC1EBC600579243 /* Products */;
			projectDirPath = "";
			projectRoot = "";
			targets = (
				B18543F52FC1EBC600579243 /* ExpenseTracker */,
				B18544052FC1EBC800579243 /* ExpenseTrackerTests */,
				B185440F2FC1EBC800579243 /* ExpenseTrackerUITests */,
			);
		};
/* End PBXProject section */

/* Begin PBXResourcesBuildPhase section */
		B18543F42FC1EBC600579243 /* Resources */ = {
			isa = PBXResourcesBuildPhase;
			buildActionMask = 2147483647;
			files = (
			);
			runOnlyForDeploymentPostprocessing = 0;
		};
		B18544042FC1EBC800579243 /* Resources */ = {
			isa = PBXResourcesBuildPhase;
			buildActionMask = 2147483647;
			files = (
			);
			runOnlyForDeploymentPostprocessing = 0;
		};
		B185440E2FC1EBC800579243 /* Resources */ = {
			isa = PBXResourcesBuildPhase;
			buildActionMask = 2147483647;
			files = (
			);
			runOnlyForDeploymentPostprocessing = 0;
		};
/* End PBXResourcesBuildPhase section */

/* Begin PBXSourcesBuildPhase section */
		B18543F22FC1EBC600579243 /* Sources */ = {
			isa = PBXSourcesBuildPhase;
			buildActionMask = 2147483647;
			files = (
			);
			runOnlyForDeploymentPostprocessing = 0;
		};
		B18544022FC1EBC800579243 /* Sources */ = {
			isa = PBXSourcesBuildPhase;
			buildActionMask = 2147483647;
			files = (
			);
			runOnlyForDeploymentPostprocessing = 0;
		};
		B185440C2FC1EBC800579243 /* Sources */ = {
			isa = PBXSourcesBuildPhase;
			buildActionMask = 2147483647;
			files = (
			);
			runOnlyForDeploymentPostprocessing = 0;
		};
/* End PBXSourcesBuildPhase section */

/* Begin PBXTargetDependency section */
		B18544082FC1EBC800579243 /* PBXTargetDependency */ = {
			isa = PBXTargetDependency;
			target = B18543F52FC1EBC600579243 /* ExpenseTracker */;
			targetProxy = B18544072FC1EBC800579243 /* PBXContainerItemProxy */;
		};
		B18544122FC1EBC800579243 /* PBXTargetDependency */ = {
			isa = PBXTargetDependency;
			target = B18543F52FC1EBC600579243 /* ExpenseTracker */;
			targetProxy = B18544112FC1EBC800579243 /* PBXContainerItemProxy */;
		};
/* End PBXTargetDependency section */

/* Begin XCBuildConfiguration section */
		B18544182FC1EBC800579243 /* Debug */ = {
			isa = XCBuildConfiguration;
			buildSettings = {
				ALWAYS_SEARCH_USER_PATHS = NO;
				ASSETCATALOG_COMPILER_GENERATE_SWIFT_ASSET_SYMBOL_EXTENSIONS = YES;
				CLANG_ANALYZER_NONNULL = YES;
				CLANG_ANALYZER_NUMBER_OBJECT_CONVERSION = YES_AGGRESSIVE;
				CLANG_CXX_LANGUAGE_STANDARD = "gnu++20";
				CLANG_ENABLE_MODULES = YES;
				CLANG_ENABLE_OBJC_ARC = YES;
				CLANG_ENABLE_OBJC_WEAK = YES;
				CLANG_WARN_BLOCK_CAPTURE_AUTORELEASING = YES;
				CLANG_WARN_BOOL_CONVERSION = YES;
				CLANG_WARN_COMMA = YES;
				CLANG_WARN_CONSTANT_CONVERSION = YES;
				CLANG_WARN_DEPRECATED_OBJC_IMPLEMENTATIONS = YES;
				CLANG_WARN_DIRECT_OBJC_ISA_USAGE = YES_ERROR;
				CLANG_WARN_DOCUMENTATION_COMMENTS = YES;
				CLANG_WARN_EMPTY_BODY = YES;
				CLANG_WARN_ENUM_CONVERSION = YES;
				CLANG_WARN_INFINITE_RECURSION = YES;
				CLANG_WARN_INT_CONVERSION = YES;
				CLANG_WARN_NON_LITERAL_NULL_CONVERSION = YES;
				CLANG_WARN_OBJC_IMPLICIT_RETAIN_SELF = YES;
				CLANG_WARN_OBJC_LITERAL_CONVERSION = YES;
				CLANG_WARN_OBJC_ROOT_CLASS = YES_ERROR;
				CLANG_WARN_QUOTED_INCLUDE_IN_FRAMEWORK_HEADER = YES;
				CLANG_WARN_RANGE_LOOP_ANALYSIS = YES;
				CLANG_WARN_STRICT_PROTOTYPES = YES;
				CLANG_WARN_SUSPICIOUS_MOVE = YES;
				CLANG_WARN_UNGUARDED_AVAILABILITY = YES_AGGRESSIVE;
				CLANG_WARN_UNREACHABLE_CODE = YES;
				CLANG_WARN__DUPLICATE_METHOD_MATCH = YES;
				COPY_PHASE_STRIP = NO;
				DEBUG_INFORMATION_FORMAT = dwarf;
				ENABLE_STRICT_OBJC_MSGSEND = YES;
				ENABLE_TESTABILITY = YES;
				ENABLE_USER_SCRIPT_SANDBOXING = YES;
				GCC_C_LANGUAGE_STANDARD = gnu17;
				GCC_DYNAMIC_NO_PIC = NO;
				GCC_NO_COMMON_BLOCKS = YES;
				GCC_OPTIMIZATION_LEVEL = 0;
				GCC_PREPROCESSOR_DEFINITIONS = (
					"DEBUG=1",
					"$(inherited)",
				);
				GCC_WARN_64_TO_32_BIT_CONVERSION = YES;
				GCC_WARN_ABOUT_RETURN_TYPE = YES_ERROR;
				GCC_WARN_UNDECLARED_SELECTOR = YES;
				GCC_WARN_UNINITIALIZED_AUTOS = YES_AGGRESSIVE;
				GCC_WARN_UNUSED_FUNCTION = YES;
				GCC_WARN_UNUSED_VARIABLE = YES;
				IPHONEOS_DEPLOYMENT_TARGET = 18.2;
				LOCALIZATION_PREFERS_STRING_CATALOGS = YES;
				MTL_ENABLE_DEBUG_INFO = INCLUDE_SOURCE;
				MTL_FAST_MATH = YES;
				ONLY_ACTIVE_ARCH = YES;
				SDKROOT = iphoneos;
				SWIFT_ACTIVE_COMPILATION_CONDITIONS = "DEBUG $(inherited)";
				SWIFT_OPTIMIZATION_LEVEL = "-Onone";
			};
			name = Debug;
		};
		B18544192FC1EBC800579243 /* Release */ = {
			isa = XCBuildConfiguration;
			buildSettings = {
				ALWAYS_SEARCH_USER_PATHS = NO;
				ASSETCATALOG_COMPILER_GENERATE_SWIFT_ASSET_SYMBOL_EXTENSIONS = YES;
				CLANG_ANALYZER_NONNULL = YES;
				CLANG_ANALYZER_NUMBER_OBJECT_CONVERSION = YES_AGGRESSIVE;
				CLANG_CXX_LANGUAGE_STANDARD = "gnu++20";
				CLANG_ENABLE_MODULES = YES;
				CLANG_ENABLE_OBJC_ARC = YES;
				CLANG_ENABLE_OBJC_WEAK = YES;
				CLANG_WARN_BLOCK_CAPTURE_AUTORELEASING = YES;
				CLANG_WARN_BOOL_CONVERSION = YES;
				CLANG_WARN_COMMA = YES;
				CLANG_WARN_CONSTANT_CONVERSION = YES;
				CLANG_WARN_DEPRECATED_OBJC_IMPLEMENTATIONS = YES;
				CLANG_WARN_DIRECT_OBJC_ISA_USAGE = YES_ERROR;
				CLANG_WARN_DOCUMENTATION_COMMENTS = YES;
				CLANG_WARN_EMPTY_BODY = YES;
				CLANG_WARN_ENUM_CONVERSION = YES;
				CLANG_WARN_INFINITE_RECURSION = YES;
				CLANG_WARN_INT_CONVERSION = YES;
				CLANG_WARN_NON_LITERAL_NULL_CONVERSION = YES;
				CLANG_WARN_OBJC_IMPLICIT_RETAIN_SELF = YES;
				CLANG_WARN_OBJC_LITERAL_CONVERSION = YES;
				CLANG_WARN_OBJC_ROOT_CLASS = YES_ERROR;
				CLANG_WARN_QUOTED_INCLUDE_IN_FRAMEWORK_HEADER = YES;
				CLANG_WARN_RANGE_LOOP_ANALYSIS = YES;
				CLANG_WARN_STRICT_PROTOTYPES = YES;
				CLANG_WARN_SUSPICIOUS_MOVE = YES;
				CLANG_WARN_UNGUARDED_AVAILABILITY = YES_AGGRESSIVE;
				CLANG_WARN_UNREACHABLE_CODE = YES;
				CLANG_WARN__DUPLICATE_METHOD_MATCH = YES;
				COPY_PHASE_STRIP = NO;
				DEBUG_INFORMATION_FORMAT = "dwarf-with-dsym";
				ENABLE_NS_ASSERTIONS = NO;
				ENABLE_STRICT_OBJC_MSGSEND = YES;
				ENABLE_USER_SCRIPT_SANDBOXING = YES;
				GCC_C_LANGUAGE_STANDARD = gnu17;
				GCC_NO_COMMON_BLOCKS = YES;
				GCC_WARN_64_TO_32_BIT_CONVERSION = YES;
				GCC_WARN_ABOUT_RETURN_TYPE = YES_ERROR;
				GCC_WARN_UNDECLARED_SELECTOR = YES;
				GCC_WARN_UNINITIALIZED_AUTOS = YES_AGGRESSIVE;
				GCC_WARN_UNUSED_FUNCTION = YES;
				GCC_WARN_UNUSED_VARIABLE = YES;
				IPHONEOS_DEPLOYMENT_TARGET = 18.2;
				LOCALIZATION_PREFERS_STRING_CATALOGS = YES;
				MTL_ENABLE_DEBUG_INFO = NO;
				MTL_FAST_MATH = YES;
				SDKROOT = iphoneos;
				SWIFT_COMPILATION_MODE = wholemodule;
				VALIDATE_PRODUCT = YES;
			};
			name = Release;
		};
		B185441B2FC1EBC800579243 /* Debug */ = {
			isa = XCBuildConfiguration;
			buildSettings = {
				ASSETCATALOG_COMPILER_APPICON_NAME = AppIcon;
				ASSETCATALOG_COMPILER_GLOBAL_ACCENT_COLOR_NAME = AccentColor;
				CODE_SIGN_STYLE = Automatic;
				CURRENT_PROJECT_VERSION = 1;
				DEVELOPMENT_ASSET_PATHS = "\"ExpenseTracker/Preview Content\"";
				DEVELOPMENT_TEAM = YBT8C2TLXU;
				ENABLE_PREVIEWS = YES;
				GENERATE_INFOPLIST_FILE = YES;
				INFOPLIST_KEY_UIApplicationSceneManifest_Generation = YES;
				INFOPLIST_KEY_UIApplicationSupportsIndirectInputEvents = YES;
				INFOPLIST_KEY_UILaunchScreen_Generation = YES;
				INFOPLIST_KEY_UISupportedInterfaceOrientations_iPad = "UIInterfaceOrientationPortrait UIInterfaceOrientationPortraitUpsideDown UIInterfaceOrientationLandscapeLeft UIInterfaceOrientationLandscapeRight";
				INFOPLIST_KEY_UISupportedInterfaceOrientations_iPhone = "UIInterfaceOrientationPortrait UIInterfaceOrientationLandscapeLeft UIInterfaceOrientationLandscapeRight";
				LD_RUNPATH_SEARCH_PATHS = (
					"$(inherited)",
					"@executable_path/Frameworks",
				);
				MARKETING_VERSION = 1.0;
				PRODUCT_BUNDLE_IDENTIFIER = com.dishakunjadia.ExpenseTracker;
				PRODUCT_NAME = "$(TARGET_NAME)";
				SWIFT_EMIT_LOC_STRINGS = YES;
				SWIFT_VERSION = 5.0;
				TARGETED_DEVICE_FAMILY = "1,2";
			};
			name = Debug;
		};
		B185441C2FC1EBC800579243 /* Release */ = {
			isa = XCBuildConfiguration;
			buildSettings = {
				ASSETCATALOG_COMPILER_APPICON_NAME = AppIcon;
				ASSETCATALOG_COMPILER_GLOBAL_ACCENT_COLOR_NAME = AccentColor;
				CODE_SIGN_STYLE = Automatic;
				CURRENT_PROJECT_VERSION = 1;
				DEVELOPMENT_ASSET_PATHS = "\"ExpenseTracker/Preview Content\"";
				DEVELOPMENT_TEAM = YBT8C2TLXU;
				ENABLE_PREVIEWS = YES;
				GENERATE_INFOPLIST_FILE = YES;
				INFOPLIST_KEY_UIApplicationSceneManifest_Generation = YES;
				INFOPLIST_KEY_UIApplicationSupportsIndirectInputEvents = YES;
				INFOPLIST_KEY_UILaunchScreen_Generation = YES;
				INFOPLIST_KEY_UISupportedInterfaceOrientations_iPad = "UIInterfaceOrientationPortrait UIInterfaceOrientationPortraitUpsideDown UIInterfaceOrientationLandscapeLeft UIInterfaceOrientationLandscapeRight";
				INFOPLIST_KEY_UISupportedInterfaceOrientations_iPhone = "UIInterfaceOrientationPortrait UIInterfaceOrientationLandscapeLeft UIInterfaceOrientationLandscapeRight";
				LD_RUNPATH_SEARCH_PATHS = (
					"$(inherited)",
					"@executable_path/Frameworks",
				);
				MARKETING_VERSION = 1.0;
				PRODUCT_BUNDLE_IDENTIFIER = com.dishakunjadia.ExpenseTracker;
				PRODUCT_NAME = "$(TARGET_NAME)";
				SWIFT_EMIT_LOC_STRINGS = YES;
				SWIFT_VERSION = 5.0;
				TARGETED_DEVICE_FAMILY = "1,2";
			};
			name = Release;
		};
		B185441E2FC1EBC800579243 /* Debug */ = {
			isa = XCBuildConfiguration;
			buildSettings = {
				BUNDLE_LOADER = "$(TEST_HOST)";
				CODE_SIGN_STYLE = Automatic;
				CURRENT_PROJECT_VERSION = 1;
				DEVELOPMENT_TEAM = YBT8C2TLXU;
				GENERATE_INFOPLIST_FILE = YES;
				IPHONEOS_DEPLOYMENT_TARGET = 18.2;
				MARKETING_VERSION = 1.0;
				PRODUCT_BUNDLE_IDENTIFIER = com.dishakunjadia.ExpenseTrackerTests;
				PRODUCT_NAME = "$(TARGET_NAME)";
				SWIFT_EMIT_LOC_STRINGS = NO;
				SWIFT_VERSION = 5.0;
				TARGETED_DEVICE_FAMILY = "1,2";
				TEST_HOST = "$(BUILT_PRODUCTS_DIR)/ExpenseTracker.app/$(BUNDLE_EXECUTABLE_FOLDER_PATH)/ExpenseTracker";
			};
			name = Debug;
		};
		B185441F2FC1EBC800579243 /* Release */ = {
			isa = XCBuildConfiguration;
			buildSettings = {
				BUNDLE_LOADER = "$(TEST_HOST)";
				CODE_SIGN_STYLE = Automatic;
				CURRENT_PROJECT_VERSION = 1;
				DEVELOPMENT_TEAM = YBT8C2TLXU;
				GENERATE_INFOPLIST_FILE = YES;
				IPHONEOS_DEPLOYMENT_TARGET = 18.2;
				MARKETING_VERSION = 1.0;
				PRODUCT_BUNDLE_IDENTIFIER = com.dishakunjadia.ExpenseTrackerTests;
				PRODUCT_NAME = "$(TARGET_NAME)";
				SWIFT_EMIT_LOC_STRINGS = NO;
				SWIFT_VERSION = 5.0;
				TARGETED_DEVICE_FAMILY = "1,2";
				TEST_HOST = "$(BUILT_PRODUCTS_DIR)/ExpenseTracker.app/$(BUNDLE_EXECUTABLE_FOLDER_PATH)/ExpenseTracker";
			};
			name = Release;
		};
		B18544212FC1EBC800579243 /* Debug */ = {
			isa = XCBuildConfiguration;
			buildSettings = {
				CODE_SIGN_STYLE = Automatic;
				CURRENT_PROJECT_VERSION = 1;
				DEVELOPMENT_TEAM = YBT8C2TLXU;
				GENERATE_INFOPLIST_FILE = YES;
				MARKETING_VERSION = 1.0;
				PRODUCT_BUNDLE_IDENTIFIER = com.dishakunjadia.ExpenseTrackerUITests;
				PRODUCT_NAME = "$(TARGET_NAME)";
				SWIFT_EMIT_LOC_STRINGS = NO;
				SWIFT_VERSION = 5.0;
				TARGETED_DEVICE_FAMILY = "1,2";
				TEST_TARGET_NAME = ExpenseTracker;
			};
			name = Debug;
		};
		B18544222FC1EBC800579243 /* Release */ = {
			isa = XCBuildConfiguration;
			buildSettings = {
				CODE_SIGN_STYLE = Automatic;
				CURRENT_PROJECT_VERSION = 1;
				DEVELOPMENT_TEAM = YBT8C2TLXU;
				GENERATE_INFOPLIST_FILE = YES;
				MARKETING_VERSION = 1.0;
				PRODUCT_BUNDLE_IDENTIFIER = com.dishakunjadia.ExpenseTrackerUITests;
				PRODUCT_NAME = "$(TARGET_NAME)";
				SWIFT_EMIT_LOC_STRINGS = NO;
				SWIFT_VERSION = 5.0;
				TARGETED_DEVICE_FAMILY = "1,2";
				TEST_TARGET_NAME = ExpenseTracker;
			};
			name = Release;
		};
/* End XCBuildConfiguration section */

/* Begin XCConfigurationList section */
		B18543F12FC1EBC600579243 /* Build configuration list for PBXProject "ExpenseTracker" */ = {
			isa = XCConfigurationList;
			buildConfigurations = (
				B18544182FC1EBC800579243 /* Debug */,
				B18544192FC1EBC800579243 /* Release */,
			);
			defaultConfigurationIsVisible = 0;
			defaultConfigurationName = Release;
		};
		B185441A2FC1EBC800579243 /* Build configuration list for PBXNativeTarget "ExpenseTracker" */ = {
			isa = XCConfigurationList;
			buildConfigurations = (
				B185441B2FC1EBC800579243 /* Debug */,
				B185441C2FC1EBC800579243 /* Release */,
			);
			defaultConfigurationIsVisible = 0;
			defaultConfigurationName = Release;
		};
		B185441D2FC1EBC800579243 /* Build configuration list for PBXNativeTarget "ExpenseTrackerTests" */ = {
			isa = XCConfigurationList;
			buildConfigurations = (
				B185441E2FC1EBC800579243 /* Debug */,
				B185441F2FC1EBC800579243 /* Release */,
			);
			defaultConfigurationIsVisible = 0;
			defaultConfigurationName = Release;
		};
		B18544202FC1EBC800579243 /* Build configuration list for PBXNativeTarget "ExpenseTrackerUITests" */ = {
			isa = XCConfigurationList;
			buildConfigurations = (
				B18544212FC1EBC800579243 /* Debug */,
				B18544222FC1EBC800579243 /* Release */,
			);
			defaultConfigurationIsVisible = 0;
			defaultConfigurationName = Release;
		};
/* End XCConfigurationList section */
	};
	rootObject = B18543EE2FC1EBC600579243 /* Project object */;
}
